
Microsoft Visual Studio Solution File, Format Version 12.00
# Visual Studio Version 16
VisualStudioVersion = 16.0.30804.86
MinimumVisualStudioVersion = 10.0.40219.1
Project("{FAE04EC0-301F-11D3-BF4B-00C04F79EFBC}") = "ChoreChart", "ChoreChart.csproj", "{72D1F618-B82C-48F9-9199-E82F2B5B987B}"
EndProject
Global
	GlobalSection(SolutionConfigurationPlatforms) = preSolution
		Debug|Any CPU = Debug|Any CPU
		Release|Any CPU = Release|Any CPU
	EndGlobalSection
	GlobalSection(ProjectConfigurationPlatforms) = postSolution
		{72D1F618-B82C-48F9-9199-E82F2B5B987B}.Debug|Any CPU.ActiveCfg = Debug|Any CPU
		{72D1F618-B82C-48F9-9199-E82F2B5B987B}.Debug|Any CPU.Build.0 = Debug|Any CPU
		{72D1F618-B82C-48F9-9199-E82F2B5B987B}.Release|Any CPU.ActiveCfg = Release|Any CPU
		{72D1F618-B82C-48F9-9199-E82F2B5B987B}.Release|Any CPU.Build.0 = Release|Any CPU
	EndGlobalSection
	GlobalSection(SolutionProperties) = preSolution
		HideSolutionNode = FALSE
	EndGlobalSection
	GlobalSection(ExtensibilityGlobals) = postSolution
		SolutionGuid = {F658DDFF-1B91-408B-8ECF-A0CF524DA583}
	EndGlobalSection
EndGlobal
